
Microsoft Visual Studio Solution File, Format Version 12.00
# Visual Studio 2013
VisualStudioVersion = 12.0.40629.0
MinimumVisualStudioVersion = 10.0.40219.1
Project("{FAE04EC0-301F-11D3-BF4B-00C04F79EFBC}") = "INGEMMET.GeocatminApp.Infraestructura.IOC", "INGEMMET.GeocatminApp.Infraestructura.IOC\INGEMMET.GeocatminApp.Infraestructura.IOC.csproj", "{3A8DD226-B1B0-4233-96D4-B948E9A3546F}"
EndProject
Project("{FAE04EC0-301F-11D3-BF4B-00C04F79EFBC}") = "INGEMMET.GeocatminApp.Infraestructura.DataAccess", "INGEMMET.GeocatminApp.Infraestructura.DataAccess\INGEMMET.GeocatminApp.Infraestructura.DataAccess.csproj", "{63C42B3C-12E4-4122-86A1-0B554C3CCDA2}"
EndProject
Project("{FAE04EC0-301F-11D3-BF4B-00C04F79EFBC}") = "INGEMMET.GeocatminApp.Dominio.Entidades", "INGEMMET.GeocatminApp.Dominio.Entidades\INGEMMET.GeocatminApp.Dominio.Entidades.csproj", "{77ACC2F1-C2AB-43A7-BDEC-30DE3B911EF6}"
EndProject
Project("{FAE04EC0-301F-11D3-BF4B-00C04F79EFBC}") = "INGEMMET.GeocatminApp.Dominio", "INGEMMET.GeocatminApp.Dominio\INGEMMET.GeocatminApp.Dominio.csproj", "{63CD7D79-1FAA-4A29-926B-78071E9C04B1}"
EndProject
Project("{FAE04EC0-301F-11D3-BF4B-00C04F79EFBC}") = "INGEMMET.GeocatminApp.Aplicacion", "INGEMMET.GeocatminApp.Aplicacion\INGEMMET.GeocatminApp.Aplicacion.csproj", "{B2A75A7F-4D83-4E67-8941-6294E416BE51}"
EndProject
Project("{FAE04EC0-301F-11D3-BF4B-00C04F79EFBC}") = "INGEMMET.GeocatminApp.Aplicacion.Interfaces", "INGEMMET.GeocatminApp.Aplicacion.Interfaces\INGEMMET.GeocatminApp.Aplicacion.Interfaces.csproj", "{E3740553-773D-4AFE-9156-65A014ABFC21}"
EndProject
Project("{FAE04EC0-301F-11D3-BF4B-00C04F79EFBC}") = "INGEMMET.GeocatminApp.Servicios.Servicios", "INGEMMET.GeocatminApp.Servicios.Servicios\INGEMMET.GeocatminApp.Servicios.Servicios.csproj", "{3816FFD4-1AA6-47DF-8DAE-9EC9C5A58064}"
EndProject
Project("{FAE04EC0-301F-11D3-BF4B-00C04F79EFBC}") = "INGEMMET.GeocatminApp.Servicios.Interfaces", "INGEMMET.GeocatminApp.Servicios.Interfaces\INGEMMET.GeocatminApp.Servicios.Interfaces.csproj", "{15ECFAC3-03CD-4127-A314-3BBE80EE5C5D}"
EndProject
Project("{FAE04EC0-301F-11D3-BF4B-00C04F79EFBC}") = "INGEMMET.GeocatminApp.Servicios.Host", "INGEMMET.GeocatminApp.Servicios.Host\INGEMMET.GeocatminApp.Servicios.Host.csproj", "{024135C9-0D87-4734-934E-238FF0787921}"
EndProject
Project("{FAE04EC0-301F-11D3-BF4B-00C04F79EFBC}") = "INGEMMET.GeocatminApp.Presentacion.AgentesDeServicios", "INGEMMET.GeocatminApp.Presentacion.AgentesDeServicios\INGEMMET.GeocatminApp.Presentacion.AgentesDeServicios.csproj", "{C820D128-CE99-4975-8CFD-74085836AA93}"
EndProject
Project("{2150E333-8FDC-42A3-9474-1A3956D46DE8}") = "1- Presentacion", "1- Presentacion", "{77F02F1C-97B9-468F-AB03-D94688B5828F}"
EndProject
Project("{2150E333-8FDC-42A3-9474-1A3956D46DE8}") = "2 - Servicios Distribuidos", "2 - Servicios Distribuidos", "{4087610A-E592-4292-B619-C14499E8FD4E}"
EndProject
Project("{2150E333-8FDC-42A3-9474-1A3956D46DE8}") = "3 - Aplicacion", "3 - Aplicacion", "{BB80ECB8-2A8E-4AB1-A27E-A55AE8ECFD3C}"
EndProject
Project("{2150E333-8FDC-42A3-9474-1A3956D46DE8}") = "4- Dominio", "4- Dominio", "{AE6008B2-2033-4E11-A962-AA7A7EEBCBDA}"
EndProject
Project("{2150E333-8FDC-42A3-9474-1A3956D46DE8}") = "5 - Infraestructura", "5 - Infraestructura", "{32254D2F-36CA-4544-9278-07E48494290E}"
EndProject
Project("{FAE04EC0-301F-11D3-BF4B-00C04F79EFBC}") = "INGEMMET.GeocatminApp.Presentacion.Web", "INGEMMET.GeocatminApp.Presentacion.Web\INGEMMET.GeocatminApp.Presentacion.Web.csproj", "{EAE2124C-7BE1-40BB-ADBF-5C30F1C05512}"
EndProject
Global
	GlobalSection(SolutionConfigurationPlatforms) = preSolution
		Debug|Any CPU = Debug|Any CPU
		Release|Any CPU = Release|Any CPU
	EndGlobalSection
	GlobalSection(ProjectConfigurationPlatforms) = postSolution
		{3A8DD226-B1B0-4233-96D4-B948E9A3546F}.Debug|Any CPU.ActiveCfg = Debug|Any CPU
		{3A8DD226-B1B0-4233-96D4-B948E9A3546F}.Debug|Any CPU.Build.0 = Debug|Any CPU
		{3A8DD226-B1B0-4233-96D4-B948E9A3546F}.Release|Any CPU.ActiveCfg = Release|Any CPU
		{3A8DD226-B1B0-4233-96D4-B948E9A3546F}.Release|Any CPU.Build.0 = Release|Any CPU
		{63C42B3C-12E4-4122-86A1-0B554C3CCDA2}.Debug|Any CPU.ActiveCfg = Debug|Any CPU
		{63C42B3C-12E4-4122-86A1-0B554C3CCDA2}.Debug|Any CPU.Build.0 = Debug|Any CPU
		{63C42B3C-12E4-4122-86A1-0B554C3CCDA2}.Release|Any CPU.ActiveCfg = Release|Any CPU
		{63C42B3C-12E4-4122-86A1-0B554C3CCDA2}.Release|Any CPU.Build.0 = Release|Any CPU
		{77ACC2F1-C2AB-43A7-BDEC-30DE3B911EF6}.Debug|Any CPU.ActiveCfg = Debug|Any CPU
		{77ACC2F1-C2AB-43A7-BDEC-30DE3B911EF6}.Debug|Any CPU.Build.0 = Debug|Any CPU
		{77ACC2F1-C2AB-43A7-BDEC-30DE3B911EF6}.Release|Any CPU.ActiveCfg = Release|Any CPU
		{77ACC2F1-C2AB-43A7-BDEC-30DE3B911EF6}.Release|Any CPU.Build.0 = Release|Any CPU
		{63CD7D79-1FAA-4A29-926B-78071E9C04B1}.Debug|Any CPU.ActiveCfg = Debug|Any CPU
		{63CD7D79-1FAA-4A29-926B-78071E9C04B1}.Debug|Any CPU.Build.0 = Debug|Any CPU
		{63CD7D79-1FAA-4A29-926B-78071E9C04B1}.Release|Any CPU.ActiveCfg = Release|Any CPU
		{63CD7D79-1FAA-4A29-926B-78071E9C04B1}.Release|Any CPU.Build.0 = Release|Any CPU
		{B2A75A7F-4D83-4E67-8941-6294E416BE51}.Debug|Any CPU.ActiveCfg = Debug|Any CPU
		{B2A75A7F-4D83-4E67-8941-6294E416BE51}.Debug|Any CPU.Build.0 = Debug|Any CPU
		{B2A75A7F-4D83-4E67-8941-6294E416BE51}.Release|Any CPU.ActiveCfg = Release|Any CPU
		{B2A75A7F-4D83-4E67-8941-6294E416BE51}.Release|Any CPU.Build.0 = Release|Any CPU
		{E3740553-773D-4AFE-9156-65A014ABFC21}.Debug|Any CPU.ActiveCfg = Debug|Any CPU
		{E3740553-773D-4AFE-9156-65A014ABFC21}.Debug|Any CPU.Build.0 = Debug|Any CPU
		{E3740553-773D-4AFE-9156-65A014ABFC21}.Release|Any CPU.ActiveCfg = Release|Any CPU
		{E3740553-773D-4AFE-9156-65A014ABFC21}.Release|Any CPU.Build.0 = Release|Any CPU
		{3816FFD4-1AA6-47DF-8DAE-9EC9C5A58064}.Debug|Any CPU.ActiveCfg = Debug|Any CPU
		{3816FFD4-1AA6-47DF-8DAE-9EC9C5A58064}.Debug|Any CPU.Build.0 = Debug|Any CPU
		{3816FFD4-1AA6-47DF-8DAE-9EC9C5A58064}.Release|Any CPU.ActiveCfg = Release|Any CPU
		{3816FFD4-1AA6-47DF-8DAE-9EC9C5A58064}.Release|Any CPU.Build.0 = Release|Any CPU
		{15ECFAC3-03CD-4127-A314-3BBE80EE5C5D}.Debug|Any CPU.ActiveCfg = Debug|Any CPU
		{15ECFAC3-03CD-4127-A314-3BBE80EE5C5D}.Debug|Any CPU.Build.0 = Debug|Any CPU
		{15ECFAC3-03CD-4127-A314-3BBE80EE5C5D}.Release|Any CPU.ActiveCfg = Release|Any CPU
		{15ECFAC3-03CD-4127-A314-3BBE80EE5C5D}.Release|Any CPU.Build.0 = Release|Any CPU
		{024135C9-0D87-4734-934E-238FF0787921}.Debug|Any CPU.ActiveCfg = Debug|Any CPU
		{024135C9-0D87-4734-934E-238FF0787921}.Debug|Any CPU.Build.0 = Debug|Any CPU
		{024135C9-0D87-4734-934E-238FF0787921}.Release|Any CPU.ActiveCfg = Release|Any CPU
		{024135C9-0D87-4734-934E-238FF0787921}.Release|Any CPU.Build.0 = Release|Any CPU
		{C820D128-CE99-4975-8CFD-74085836AA93}.Debug|Any CPU.ActiveCfg = Debug|Any CPU
		{C820D128-CE99-4975-8CFD-74085836AA93}.Debug|Any CPU.Build.0 = Debug|Any CPU
		{C820D128-CE99-4975-8CFD-74085836AA93}.Release|Any CPU.ActiveCfg = Release|Any CPU
		{C820D128-CE99-4975-8CFD-74085836AA93}.Release|Any CPU.Build.0 = Release|Any CPU
		{EAE2124C-7BE1-40BB-ADBF-5C30F1C05512}.Debug|Any CPU.ActiveCfg = Debug|Any CPU
		{EAE2124C-7BE1-40BB-ADBF-5C30F1C05512}.Debug|Any CPU.Build.0 = Debug|Any CPU
		{EAE2124C-7BE1-40BB-ADBF-5C30F1C05512}.Release|Any CPU.ActiveCfg = Release|Any CPU
		{EAE2124C-7BE1-40BB-ADBF-5C30F1C05512}.Release|Any CPU.Build.0 = Release|Any CPU
	EndGlobalSection
	GlobalSection(SolutionProperties) = preSolution
		HideSolutionNode = FALSE
	EndGlobalSection
	GlobalSection(NestedProjects) = preSolution
		{3A8DD226-B1B0-4233-96D4-B948E9A3546F} = {32254D2F-36CA-4544-9278-07E48494290E}
		{63C42B3C-12E4-4122-86A1-0B554C3CCDA2} = {32254D2F-36CA-4544-9278-07E48494290E}
		{77ACC2F1-C2AB-43A7-BDEC-30DE3B911EF6} = {AE6008B2-2033-4E11-A962-AA7A7EEBCBDA}
		{63CD7D79-1FAA-4A29-926B-78071E9C04B1} = {AE6008B2-2033-4E11-A962-AA7A7EEBCBDA}
		{B2A75A7F-4D83-4E67-8941-6294E416BE51} = {BB80ECB8-2A8E-4AB1-A27E-A55AE8ECFD3C}
		{E3740553-773D-4AFE-9156-65A014ABFC21} = {BB80ECB8-2A8E-4AB1-A27E-A55AE8ECFD3C}
		{3816FFD4-1AA6-47DF-8DAE-9EC9C5A58064} = {4087610A-E592-4292-B619-C14499E8FD4E}
		{15ECFAC3-03CD-4127-A314-3BBE80EE5C5D} = {4087610A-E592-4292-B619-C14499E8FD4E}
		{024135C9-0D87-4734-934E-238FF0787921} = {4087610A-E592-4292-B619-C14499E8FD4E}
		{C820D128-CE99-4975-8CFD-74085836AA93} = {77F02F1C-97B9-468F-AB03-D94688B5828F}
		{EAE2124C-7BE1-40BB-ADBF-5C30F1C05512} = {77F02F1C-97B9-468F-AB03-D94688B5828F}
	EndGlobalSection
EndGlobal
